
Microsoft Visual Studio Solution File, Format Version 12.00
# Visual Studio Version 16
VisualStudioVersion = 16.0.30907.101
MinimumVisualStudioVersion = 10.0.40219.1
Project("{FAE04EC0-301F-11D3-BF4B-00C04F79EFBC}") = "WindowsFormsApp1", "WindowsFormsApp1\WindowsFormsApp1.csproj", "{77F0E407-6F89-40C2-93D9-D99808DD576B}"
EndProject
Global
	GlobalSection(SolutionConfigurationPlatforms) = preSolution
		Debug|Any CPU = Debug|Any CPU
		Release|Any CPU = Release|Any CPU
	EndGlobalSection
	GlobalSection(ProjectConfigurationPlatforms) = postSolution
		{77F0E407-6F89-40C2-93D9-D99808DD576B}.Debug|Any CPU.ActiveCfg = Release|Any CPU
		{77F0E407-6F89-40C2-93D9-D99808DD576B}.Debug|Any CPU.Build.0 = Release|Any CPU
		{77F0E407-6F89-40C2-93D9-D99808DD576B}.Release|Any CPU.ActiveCfg = Debug|Any CPU
		{77F0E407-6F89-40C2-93D9-D99808DD576B}.Release|Any CPU.Build.0 = Debug|Any CPU
	EndGlobalSection
	GlobalSection(SolutionProperties) = preSolution
		HideSolutionNode = FALSE
	EndGlobalSection
	GlobalSection(ExtensibilityGlobals) = postSolution
		SolutionGuid = {4EBE4C6E-2A3C-458D-ABD8-1CF5E49A7210}
	EndGlobalSection
EndGlobal
